
Microsoft Visual Studio Solution File, Format Version 12.00
# Visual Studio 15
VisualStudioVersion = 15.0.27703.2026
MinimumVisualStudioVersion = 10.0.40219.1
Project("{E24C65DC-7377-472B-9ABA-BC803B73C61A}") = "dummiebook", "dummiebook\", "{8FD37779-AC7C-4202-8723-CAAE34815007}"
	ProjectSection(WebsiteProperties) = preProject
		TargetFrameworkMoniker = ".NETFramework,Version%3Dv4.6.1"
		Debug.AspNetCompiler.VirtualPath = "/localhost_54425"
		Debug.AspNetCompiler.PhysicalPath = "dummiebook\"
		Debug.AspNetCompiler.TargetPath = "PrecompiledWeb\localhost_54425\"
		Debug.AspNetCompiler.Updateable = "true"
		Debug.AspNetCompiler.ForceOverwrite = "true"
		Debug.AspNetCompiler.FixedNames = "false"
		Debug.AspNetCompiler.Debug = "True"
		Release.AspNetCompiler.VirtualPath = "/localhost_54425"
		Release.AspNetCompiler.PhysicalPath = "dummiebook\"
		Release.AspNetCompiler.TargetPath = "PrecompiledWeb\localhost_54425\"
		Release.AspNetCompiler.Updateable = "true"
		Release.AspNetCompiler.ForceOverwrite = "true"
		Release.AspNetCompiler.FixedNames = "false"
		Release.AspNetCompiler.Debug = "False"
		VWDPort = "54425"
		SlnRelativePath = "dummiebook\"
		DefaultWebSiteLanguage = "Visual C#"
	EndProjectSection
EndProject
Global
	GlobalSection(SolutionConfigurationPlatforms) = preSolution
		Debug|Any CPU = Debug|Any CPU
	EndGlobalSection
	GlobalSection(ProjectConfigurationPlatforms) = postSolution
		{8FD37779-AC7C-4202-8723-CAAE34815007}.Debug|Any CPU.ActiveCfg = Debug|Any CPU
		{8FD37779-AC7C-4202-8723-CAAE34815007}.Debug|Any CPU.Build.0 = Debug|Any CPU
	EndGlobalSection
	GlobalSection(SolutionProperties) = preSolution
		HideSolutionNode = FALSE
	EndGlobalSection
	GlobalSection(ExtensibilityGlobals) = postSolution
		SolutionGuid = {EF41702E-7EA7-457A-9020-D5F8D24DB2A6}
	EndGlobalSection
EndGlobal
